
Microsoft Visual Studio Solution File, Format Version 12.00
# Visual Studio Version 17
VisualStudioVersion = 17.8.34330.188
MinimumVisualStudioVersion = 10.0.40219.1
Project("{FAE04EC0-301F-11D3-BF4B-00C04F79EFBC}") = "AzureQueue", "AzureQueue\AzureQueue.csproj", "{F2D5DA91-75D5-4DF4-B2B1-F97D7285CDAD}"
EndProject
Global
	GlobalSection(SolutionConfigurationPlatforms) = preSolution
		Debug|Any CPU = Debug|Any CPU
		Release|Any CPU = Release|Any CPU
	EndGlobalSection
	GlobalSection(ProjectConfigurationPlatforms) = postSolution
		{F2D5DA91-75D5-4DF4-B2B1-F97D7285CDAD}.Debug|Any CPU.ActiveCfg = Debug|Any CPU
		{F2D5DA91-75D5-4DF4-B2B1-F97D7285CDAD}.Debug|Any CPU.Build.0 = Debug|Any CPU
		{F2D5DA91-75D5-4DF4-B2B1-F97D7285CDAD}.Release|Any CPU.ActiveCfg = Release|Any CPU
		{F2D5DA91-75D5-4DF4-B2B1-F97D7285CDAD}.Release|Any CPU.Build.0 = Release|Any CPU
	EndGlobalSection
	GlobalSection(SolutionProperties) = preSolution
		HideSolutionNode = FALSE
	EndGlobalSection
	GlobalSection(ExtensibilityGlobals) = postSolution
		SolutionGuid = {3CBA760D-C2DA-4082-A036-6AF582ED6C20}
	EndGlobalSection
EndGlobal
